{
  "name": "date-display-app",
  "version": "1.0.0",
  "lockfileVersion": 3,
  "requires": true,
  "packages": {
    "": {
      "name": "date-display-app",
      "version": "1.0.0",
      "dependencies": {
        "expo": "~52.0.0",
        "expo-status-bar": "~1.11.1",
        "expo-updates": "~0.24.8",
        "react": "19.0.0",
        "react-native": "0.73.2",
        "react-native-safe-area-context": "4.8.2",
        "react-dom": "19.0.0",
        "react-native-web": "~0.19.6",
        "expo-splash-screen": "~0.26.4"
      },
      "devDependencies": {
        "@babel/core": "^7.20.0",
        "@babel/plugin-transform-export-namespace-from": "^7.22.11",
        "babel-preset-expo": "~10.0.0"
      }
    }
  }
}
